// !$*UTF8*$!
{
	archiveVersion = 1;
	classes = {
	};
	objectVersion = 50;
	objects = {

/* Begin PBXBuildFile section */
		0293D3558D51726567D2A078 /* Pods_gash.framework in Frameworks */ = {isa = PBXBuildFile; fileRef = 37AA3D7374097AAEB3EF69EB /* Pods_gash.framework */; };
		7119F89B207335078978B2B8 /* Pods_gashTests.framework in Frameworks */ = {isa = PBXBuildFile; fileRef = B4261F32B5D6F8CC3250B5D6 /* Pods_gashTests.framework */; };
		EFC2EE0BC23D957D4964DC8B /* Pods_gashUITests.framework in Frameworks */ = {isa = PBXBuildFile; fileRef = 66E6FA363A380BFB44197B63 /* Pods_gashUITests.framework */; };
		F33A4DC220DB16C800AEE9ED /* aes.cpp in Sources */ = {isa = PBXBuildFile; fileRef = F37DA55A20DADB9E005EC8BA /* aes.cpp */; };
		F33A4DC320DB16E700AEE9ED /* lang.cpp in Sources */ = {isa = PBXBuildFile; fileRef = F37DA55C20DADB9F005EC8BA /* lang.cpp */; };
		F33A4DC420DB16E700AEE9ED /* sym.cpp in Sources */ = {isa = PBXBuildFile; fileRef = F37DA55E20DADB9F005EC8BA /* sym.cpp */; };
		F33A4DC520DB16E700AEE9ED /* lexer.c in Sources */ = {isa = PBXBuildFile; fileRef = F33D2D4520D839E100E5F494 /* lexer.c */; };
		F33A4DC620DB16E700AEE9ED /* parser.tab.c in Sources */ = {isa = PBXBuildFile; fileRef = F33D2D4020D839CD00E5F494 /* parser.tab.c */; };
		F33D23D420D6F35F00E5F494 /* Circuit.swift in Sources */ = {isa = PBXBuildFile; fileRef = F33D23D120D6F35F00E5F494 /* Circuit.swift */; };
		F33D23D520D6F35F00E5F494 /* DivCircuit.swift in Sources */ = {isa = PBXBuildFile; fileRef = F33D23D220D6F35F00E5F494 /* DivCircuit.swift */; };
		F33D23D620D6F35F00E5F494 /* StreamReader.swift in Sources */ = {isa = PBXBuildFile; fileRef = F33D23D320D6F35F00E5F494 /* StreamReader.swift */; };
		F33D23DA20D6F38300E5F494 /* gash_swift_api.cpp in Sources */ = {isa = PBXBuildFile; fileRef = F33D23D820D6F38300E5F494 /* gash_swift_api.cpp */; };
		F33D2D5620D853C100E5F494 /* BuildOTExtension.sh in Resources */ = {isa = PBXBuildFile; fileRef = F33D2D5520D853C000E5F494 /* BuildOTExtension.sh */; };
		F33D2D5A20D8604F00E5F494 /* libotext.a in Frameworks */ = {isa = PBXBuildFile; fileRef = F33D2D5920D8604E00E5F494 /* libotext.a */; };
		F33D2D5D20D8614700E5F494 /* miracl.a in Frameworks */ = {isa = PBXBuildFile; fileRef = F33D2D5C20D8614700E5F494 /* miracl.a */; };
		F37DA56920DADCD3005EC8BA /* util.cpp in Sources */ = {isa = PBXBuildFile; fileRef = F37DA55920DADB9E005EC8BA /* util.cpp */; settings = {COMPILER_FLAGS = "-std=c++11"; }; };
		F37DA56A20DADCF0005EC8BA /* tcp.cpp in Sources */ = {isa = PBXBuildFile; fileRef = F33D2D4E20D84F8B00E5F494 /* tcp.cpp */; settings = {COMPILER_FLAGS = "-std=c++11"; }; };
		F3D404E420D6F19800FCFF08 /* AppDelegate.swift in Sources */ = {isa = PBXBuildFile; fileRef = F3D404E320D6F19800FCFF08 /* AppDelegate.swift */; };
		F3D404E620D6F19800FCFF08 /* ViewController.swift in Sources */ = {isa = PBXBuildFile; fileRef = F3D404E520D6F19800FCFF08 /* ViewController.swift */; };
		F3D404E820D6F19900FCFF08 /* Assets.xcassets in Resources */ = {isa = PBXBuildFile; fileRef = F3D404E720D6F19900FCFF08 /* Assets.xcassets */; };
		F3D404EB20D6F19900FCFF08 /* Main.storyboard in Resources */ = {isa = PBXBuildFile; fileRef = F3D404E920D6F19900FCFF08 /* Main.storyboard */; };
		F3D404F720D6F19A00FCFF08 /* gashTests.swift in Sources */ = {isa = PBXBuildFile; fileRef = F3D404F620D6F19A00FCFF08 /* gashTests.swift */; };
		F3D4050220D6F19A00FCFF08 /* gashUITests.swift in Sources */ = {isa = PBXBuildFile; fileRef = F3D4050120D6F19A00FCFF08 /* gashUITests.swift */; };
/* End PBXBuildFile section */

/* Begin PBXContainerItemProxy section */
		F3D404F320D6F19A00FCFF08 /* PBXContainerItemProxy */ = {
			isa = PBXContainerItemProxy;
			containerPortal = F3D404D820D6F19800FCFF08 /* Project object */;
			proxyType = 1;
			remoteGlobalIDString = F3D404DF20D6F19800FCFF08;
			remoteInfo = gash;
		};
		F3D404FE20D6F19A00FCFF08 /* PBXContainerItemProxy */ = {
			isa = PBXContainerItemProxy;
			containerPortal = F3D404D820D6F19800FCFF08 /* Project object */;
			proxyType = 1;
			remoteGlobalIDString = F3D404DF20D6F19800FCFF08;
			remoteInfo = gash;
		};
/* End PBXContainerItemProxy section */

/* Begin PBXFileReference section */
		37AA3D7374097AAEB3EF69EB /* Pods_gash.framework */ = {isa = PBXFileReference; explicitFileType = wrapper.framework; includeInIndex = 0; path = Pods_gash.framework; sourceTree = BUILT_PRODUCTS_DIR; };
		66E6FA363A380BFB44197B63 /* Pods_gashUITests.framework */ = {isa = PBXFileReference; explicitFileType = wrapper.framework; includeInIndex = 0; path = Pods_gashUITests.framework; sourceTree = BUILT_PRODUCTS_DIR; };
		92199474312CE9604B2FF986 /* Pods-gashUITests.debug.xcconfig */ = {isa = PBXFileReference; includeInIndex = 1; lastKnownFileType = text.xcconfig; name = "Pods-gashUITests.debug.xcconfig"; path = "Pods/Target Support Files/Pods-gashUITests/Pods-gashUITests.debug.xcconfig"; sourceTree = "<group>"; };
		978EAC949AF025D037938CEE /* Pods-gashTests.debug.xcconfig */ = {isa = PBXFileReference; includeInIndex = 1; lastKnownFileType = text.xcconfig; name = "Pods-gashTests.debug.xcconfig"; path = "Pods/Target Support Files/Pods-gashTests/Pods-gashTests.debug.xcconfig"; sourceTree = "<group>"; };
		A033B21F34ADF5B0F633E5B9 /* Pods-gash.release.xcconfig */ = {isa = PBXFileReference; includeInIndex = 1; lastKnownFileType = text.xcconfig; name = "Pods-gash.release.xcconfig"; path = "Pods/Target Support Files/Pods-gash/Pods-gash.release.xcconfig"; sourceTree = "<group>"; };
		B4261F32B5D6F8CC3250B5D6 /* Pods_gashTests.framework */ = {isa = PBXFileReference; explicitFileType = wrapper.framework; includeInIndex = 0; path = Pods_gashTests.framework; sourceTree = BUILT_PRODUCTS_DIR; };
		C1EF319033E428DC1DBC9E9E /* Pods-gash.debug.xcconfig */ = {isa = PBXFileReference; includeInIndex = 1; lastKnownFileType = text.xcconfig; name = "Pods-gash.debug.xcconfig"; path = "Pods/Target Support Files/Pods-gash/Pods-gash.debug.xcconfig"; sourceTree = "<group>"; };
		CF6EF4A9C36FBA0E17D173CA /* Pods-gashTests.release.xcconfig */ = {isa = PBXFileReference; includeInIndex = 1; lastKnownFileType = text.xcconfig; name = "Pods-gashTests.release.xcconfig"; path = "Pods/Target Support Files/Pods-gashTests/Pods-gashTests.release.xcconfig"; sourceTree = "<group>"; };
		EAAA7792318BEC698D1101EC /* Pods-gashUITests.release.xcconfig */ = {isa = PBXFileReference; includeInIndex = 1; lastKnownFileType = text.xcconfig; name = "Pods-gashUITests.release.xcconfig"; path = "Pods/Target Support Files/Pods-gashUITests/Pods-gashUITests.release.xcconfig"; sourceTree = "<group>"; };
		F33D23D120D6F35F00E5F494 /* Circuit.swift */ = {isa = PBXFileReference; fileEncoding = 4; lastKnownFileType = sourcecode.swift; path = Circuit.swift; sourceTree = "<group>"; };
		F33D23D220D6F35F00E5F494 /* DivCircuit.swift */ = {isa = PBXFileReference; fileEncoding = 4; lastKnownFileType = sourcecode.swift; path = DivCircuit.swift; sourceTree = "<group>"; };
		F33D23D320D6F35F00E5F494 /* StreamReader.swift */ = {isa = PBXFileReference; fileEncoding = 4; lastKnownFileType = sourcecode.swift; path = StreamReader.swift; sourceTree = "<group>"; };
		F33D23D720D6F38200E5F494 /* gash-Bridging-Header.h */ = {isa = PBXFileReference; lastKnownFileType = sourcecode.c.h; path = "gash-Bridging-Header.h"; sourceTree = "<group>"; };
		F33D23D820D6F38300E5F494 /* gash_swift_api.cpp */ = {isa = PBXFileReference; lastKnownFileType = sourcecode.cpp.cpp; path = gash_swift_api.cpp; sourceTree = "<group>"; };
		F33D23D920D6F38300E5F494 /* gash_swift_api.hpp */ = {isa = PBXFileReference; lastKnownFileType = sourcecode.cpp.h; path = gash_swift_api.hpp; sourceTree = "<group>"; };
		F33D23E120D6F3B900E5F494 /* tcp.hpp */ = {isa = PBXFileReference; explicitFileType = sourcecode.cpp.h; fileEncoding = 4; path = tcp.hpp; sourceTree = "<group>"; };
		F33D2CB320D6F5A800E5F494 /* codewords.h */ = {isa = PBXFileReference; lastKnownFileType = sourcecode.c.h; path = codewords.h; sourceTree = "<group>"; };
		F33D2CB420D6F5A800E5F494 /* graycode.h */ = {isa = PBXFileReference; lastKnownFileType = sourcecode.c.h; path = graycode.h; sourceTree = "<group>"; };
		F33D2CB520D6F5A800E5F494 /* parse_options.h */ = {isa = PBXFileReference; lastKnownFileType = sourcecode.c.h; path = parse_options.h; sourceTree = "<group>"; };
		F33D2CB620D6F5A900E5F494 /* cbitvector.h */ = {isa = PBXFileReference; lastKnownFileType = sourcecode.c.h; path = cbitvector.h; sourceTree = "<group>"; };
		F33D2CB720D6F5A900E5F494 /* connection.h */ = {isa = PBXFileReference; lastKnownFileType = sourcecode.c.h; path = connection.h; sourceTree = "<group>"; };
		F33D2CB820D6F5A900E5F494 /* rcvthread.h */ = {isa = PBXFileReference; lastKnownFileType = sourcecode.c.h; path = rcvthread.h; sourceTree = "<group>"; };
		F33D2CB920D6F5A900E5F494 /* constants.h */ = {isa = PBXFileReference; lastKnownFileType = sourcecode.c.h; path = constants.h; sourceTree = "<group>"; };
		F33D2CBA20D6F5A900E5F494 /* thread.h */ = {isa = PBXFileReference; lastKnownFileType = sourcecode.c.h; path = thread.h; sourceTree = "<group>"; };
		F33D2CBB20D6F5A900E5F494 /* channel.h */ = {isa = PBXFileReference; lastKnownFileType = sourcecode.c.h; path = channel.h; sourceTree = "<group>"; };
		F33D2CBC20D6F5A900E5F494 /* sndthread.h */ = {isa = PBXFileReference; lastKnownFileType = sourcecode.c.h; path = sndthread.h; sourceTree = "<group>"; };
		F33D2CBD20D6F5AA00E5F494 /* timer.h */ = {isa = PBXFileReference; lastKnownFileType = sourcecode.c.h; path = timer.h; sourceTree = "<group>"; };
		F33D2CBE20D6F5AA00E5F494 /* circular_queue.h */ = {isa = PBXFileReference; lastKnownFileType = sourcecode.c.h; path = circular_queue.h; sourceTree = "<group>"; };
		F33D2CBF20D6F5AA00E5F494 /* utils.h */ = {isa = PBXFileReference; lastKnownFileType = sourcecode.c.h; path = utils.h; sourceTree = "<group>"; };
		F33D2CC020D6F5AA00E5F494 /* powmod.h */ = {isa = PBXFileReference; lastKnownFileType = sourcecode.c.h; path = powmod.h; sourceTree = "<group>"; };
		F33D2CC120D6F5AA00E5F494 /* fileops.h */ = {isa = PBXFileReference; lastKnownFileType = sourcecode.c.h; path = fileops.h; sourceTree = "<group>"; };
		F33D2CC220D6F5AA00E5F494 /* typedefs.h */ = {isa = PBXFileReference; lastKnownFileType = sourcecode.c.h; path = typedefs.h; sourceTree = "<group>"; };
		F33D2CC320D6F5AA00E5F494 /* socket.h */ = {isa = PBXFileReference; lastKnownFileType = sourcecode.c.h; path = socket.h; sourceTree = "<group>"; };
		F33D2CC520D6F5FE00E5F494 /* pk-crypto.h */ = {isa = PBXFileReference; fileEncoding = 4; lastKnownFileType = sourcecode.c.h; path = "pk-crypto.h"; sourceTree = "<group>"; };
		F33D2CC620D6F5FE00E5F494 /* TedKrovetzAesNiWrapperC.h */ = {isa = PBXFileReference; fileEncoding = 4; lastKnownFileType = sourcecode.c.h; path = TedKrovetzAesNiWrapperC.h; sourceTree = "<group>"; };
		F33D2CC720D6F5FE00E5F494 /* Config.h */ = {isa = PBXFileReference; fileEncoding = 4; lastKnownFileType = sourcecode.c.h; path = Config.h; sourceTree = "<group>"; };
		F33D2CC820D6F5FE00E5F494 /* dgk.h */ = {isa = PBXFileReference; fileEncoding = 4; lastKnownFileType = sourcecode.c.h; path = dgk.h; sourceTree = "<group>"; };
		F33D2CC920D6F5FE00E5F494 /* gmp-pk-crypto.h */ = {isa = PBXFileReference; fileEncoding = 4; lastKnownFileType = sourcecode.c.h; path = "gmp-pk-crypto.h"; sourceTree = "<group>"; };
		F33D2CCA20D6F5FE00E5F494 /* crypto.h */ = {isa = PBXFileReference; fileEncoding = 4; lastKnownFileType = sourcecode.c.h; path = crypto.h; sourceTree = "<group>"; };
		F33D2CCB20D6F5FE00E5F494 /* djn.h */ = {isa = PBXFileReference; fileEncoding = 4; lastKnownFileType = sourcecode.c.h; path = djn.h; sourceTree = "<group>"; };
		F33D2CCC20D6F5FE00E5F494 /* intrin_sequential_enc8.h */ = {isa = PBXFileReference; fileEncoding = 4; lastKnownFileType = sourcecode.c.h; path = intrin_sequential_enc8.h; sourceTree = "<group>"; };
		F33D2CCD20D6F5FF00E5F494 /* ecc-pk-crypto.h */ = {isa = PBXFileReference; fileEncoding = 4; lastKnownFileType = sourcecode.c.h; path = "ecc-pk-crypto.h"; sourceTree = "<group>"; };
		F33D2CDC20D6F6B100E5F494 /* asharov-lindell.h */ = {isa = PBXFileReference; fileEncoding = 4; lastKnownFileType = sourcecode.c.h; path = "asharov-lindell.h"; sourceTree = "<group>"; };
		F33D2CDD20D6F6B100E5F494 /* ot-ext-snd.h */ = {isa = PBXFileReference; fileEncoding = 4; lastKnownFileType = sourcecode.c.h; path = "ot-ext-snd.h"; sourceTree = "<group>"; };
		F33D2CDE20D6F6B100E5F494 /* kk-ot-ext-rec.h */ = {isa = PBXFileReference; fileEncoding = 4; lastKnownFileType = sourcecode.c.h; path = "kk-ot-ext-rec.h"; sourceTree = "<group>"; };
		F33D2CDF20D6F6B100E5F494 /* pvwddh.h */ = {isa = PBXFileReference; fileEncoding = 4; lastKnownFileType = sourcecode.c.h; path = pvwddh.h; sourceTree = "<group>"; };
		F33D2CE020D6F6B100E5F494 /* kk-ot-ext-snd.h */ = {isa = PBXFileReference; fileEncoding = 4; lastKnownFileType = sourcecode.c.h; path = "kk-ot-ext-snd.h"; sourceTree = "<group>"; };
		F33D2CE120D6F6B100E5F494 /* nnob-ot-ext-rec.h */ = {isa = PBXFileReference; fileEncoding = 4; lastKnownFileType = sourcecode.c.h; path = "nnob-ot-ext-rec.h"; sourceTree = "<group>"; };
		F33D2CE220D6F6B100E5F494 /* maskingfunction.h */ = {isa = PBXFileReference; fileEncoding = 4; lastKnownFileType = sourcecode.c.h; path = maskingfunction.h; sourceTree = "<group>"; };
		F33D2CE320D6F6B200E5F494 /* alsz-ot-ext-rec.h */ = {isa = PBXFileReference; fileEncoding = 4; lastKnownFileType = sourcecode.c.h; path = "alsz-ot-ext-rec.h"; sourceTree = "<group>"; };
		F33D2CE420D6F6B200E5F494 /* naor-pinkas_noro.h */ = {isa = PBXFileReference; fileEncoding = 4; lastKnownFileType = sourcecode.c.h; path = "naor-pinkas_noro.h"; sourceTree = "<group>"; };
		F33D2CE520D6F6B200E5F494 /* iknp-ot-ext-rec.h */ = {isa = PBXFileReference; fileEncoding = 4; lastKnownFileType = sourcecode.c.h; path = "iknp-ot-ext-rec.h"; sourceTree = "<group>"; };
		F33D2CE620D6F6B200E5F494 /* kk-ot-ext.h */ = {isa = PBXFileReference; fileEncoding = 4; lastKnownFileType = sourcecode.c.h; path = "kk-ot-ext.h"; sourceTree = "<group>"; };
		F33D2CE720D6F6B200E5F494 /* naor-pinkas.h */ = {isa = PBXFileReference; fileEncoding = 4; lastKnownFileType = sourcecode.c.h; path = "naor-pinkas.h"; sourceTree = "<group>"; };
		F33D2CE820D6F6B200E5F494 /* ot-ext.h */ = {isa = PBXFileReference; fileEncoding = 4; lastKnownFileType = sourcecode.c.h; path = "ot-ext.h"; sourceTree = "<group>"; };
		F33D2CE920D6F6B200E5F494 /* alsz-ot-ext-snd.h */ = {isa = PBXFileReference; fileEncoding = 4; lastKnownFileType = sourcecode.c.h; path = "alsz-ot-ext-snd.h"; sourceTree = "<group>"; };
		F33D2CEA20D6F6B200E5F494 /* baseOT.h */ = {isa = PBXFileReference; fileEncoding = 4; lastKnownFileType = sourcecode.c.h; path = baseOT.h; sourceTree = "<group>"; };
		F33D2CEB20D6F6B300E5F494 /* xormasking.h */ = {isa = PBXFileReference; fileEncoding = 4; lastKnownFileType = sourcecode.c.h; path = xormasking.h; sourceTree = "<group>"; };
		F33D2CEC20D6F6B300E5F494 /* nnob-ot-ext-snd.h */ = {isa = PBXFileReference; fileEncoding = 4; lastKnownFileType = sourcecode.c.h; path = "nnob-ot-ext-snd.h"; sourceTree = "<group>"; };
		F33D2CED20D6F6B300E5F494 /* iknp-ot-ext-snd.h */ = {isa = PBXFileReference; fileEncoding = 4; lastKnownFileType = sourcecode.c.h; path = "iknp-ot-ext-snd.h"; sourceTree = "<group>"; };
		F33D2CEE20D6F6B300E5F494 /* simpleot.h */ = {isa = PBXFileReference; fileEncoding = 4; lastKnownFileType = sourcecode.c.h; path = simpleot.h; sourceTree = "<group>"; };
		F33D2CEF20D6F6B300E5F494 /* ot-ext-rec.h */ = {isa = PBXFileReference; fileEncoding = 4; lastKnownFileType = sourcecode.c.h; path = "ot-ext-rec.h"; sourceTree = "<group>"; };
		F33D2CF020D6F6B300E5F494 /* OTconstants.h */ = {isa = PBXFileReference; fileEncoding = 4; lastKnownFileType = sourcecode.c.h; path = OTconstants.h; sourceTree = "<group>"; };
		F33D2CF220D6F75D00E5F494 /* zzn2.h */ = {isa = PBXFileReference; fileEncoding = 4; lastKnownFileType = sourcecode.c.h; path = zzn2.h; sourceTree = "<group>"; };
		F33D2CF320D6F75D00E5F494 /* ecn6.h */ = {isa = PBXFileReference; fileEncoding = 4; lastKnownFileType = sourcecode.c.h; path = ecn6.h; sourceTree = "<group>"; };
		F33D2CF420D6F75D00E5F494 /* octet.h */ = {isa = PBXFileReference; fileEncoding = 4; lastKnownFileType = sourcecode.c.h; path = octet.h; sourceTree = "<group>"; };
		F33D2CF520D6F75E00E5F494 /* gf2m6x.h */ = {isa = PBXFileReference; fileEncoding = 4; lastKnownFileType = sourcecode.c.h; path = gf2m6x.h; sourceTree = "<group>"; };
		F33D2CF620D6F75E00E5F494 /* zzn4.h */ = {isa = PBXFileReference; fileEncoding = 4; lastKnownFileType = sourcecode.c.h; path = zzn4.h; sourceTree = "<group>"; };
		F33D2CF720D6F75E00E5F494 /* brick.h */ = {isa = PBXFileReference; fileEncoding = 4; lastKnownFileType = sourcecode.c.h; path = brick.h; sourceTree = "<group>"; };
		F33D2CF820D6F75E00E5F494 /* ps_big.h */ = {isa = PBXFileReference; fileEncoding = 4; lastKnownFileType = sourcecode.c.h; path = ps_big.h; sourceTree = "<group>"; };
		F33D2CF920D6F75E00E5F494 /* ebrick2.h */ = {isa = PBXFileReference; fileEncoding = 4; lastKnownFileType = sourcecode.c.h; path = ebrick2.h; sourceTree = "<group>"; };
		F33D2CFA20D6F75E00E5F494 /* zzn18.h */ = {isa = PBXFileReference; fileEncoding = 4; lastKnownFileType = sourcecode.c.h; path = zzn18.h; sourceTree = "<group>"; };
		F33D2CFB20D6F75E00E5F494 /* ecn4.h */ = {isa = PBXFileReference; fileEncoding = 4; lastKnownFileType = sourcecode.c.h; path = ecn4.h; sourceTree = "<group>"; };
		F33D2CFC20D6F75F00E5F494 /* zzn24.h */ = {isa = PBXFileReference; fileEncoding = 4; lastKnownFileType = sourcecode.c.h; path = zzn24.h; sourceTree = "<group>"; };
		F33D2CFD20D6F75F00E5F494 /* zzn6.h */ = {isa = PBXFileReference; fileEncoding = 4; lastKnownFileType = sourcecode.c.h; path = zzn6.h; sourceTree = "<group>"; };
		F33D2CFE20D6F75F00E5F494 /* gf2m12x.h */ = {isa = PBXFileReference; fileEncoding = 4; lastKnownFileType = sourcecode.c.h; path = gf2m12x.h; sourceTree = "<group>"; };
		F33D2CFF20D6F75F00E5F494 /* flash.h */ = {isa = PBXFileReference; fileEncoding = 4; lastKnownFileType = sourcecode.c.h; path = flash.h; sourceTree = "<group>"; };
		F33D2D0020D6F75F00E5F494 /* ebrick.h */ = {isa = PBXFileReference; fileEncoding = 4; lastKnownFileType = sourcecode.c.h; path = ebrick.h; sourceTree = "<group>"; };
		F33D2D0120D6F75F00E5F494 /* gf2m.h */ = {isa = PBXFileReference; fileEncoding = 4; lastKnownFileType = sourcecode.c.h; path = gf2m.h; sourceTree = "<group>"; };
		F33D2D0220D6F75F00E5F494 /* pairing_3.h */ = {isa = PBXFileReference; fileEncoding = 4; lastKnownFileType = sourcecode.c.h; path = pairing_3.h; sourceTree = "<group>"; };
		F33D2D0320D6F76000E5F494 /* poly.h */ = {isa = PBXFileReference; fileEncoding = 4; lastKnownFileType = sourcecode.c.h; path = poly.h; sourceTree = "<group>"; };
		F33D2D0420D6F76000E5F494 /* gf2m4x.h */ = {isa = PBXFileReference; fileEncoding = 4; lastKnownFileType = sourcecode.c.h; path = gf2m4x.h; sourceTree = "<group>"; };
		F33D2D0520D6F76000E5F494 /* complex.h */ = {isa = PBXFileReference; fileEncoding = 4; lastKnownFileType = sourcecode.c.h; path = complex.h; sourceTree = "<group>"; };
		F33D2D0620D6F76000E5F494 /* floating.h */ = {isa = PBXFileReference; fileEncoding = 4; lastKnownFileType = sourcecode.c.h; path = floating.h; sourceTree = "<group>"; };
		F33D2D0720D6F76000E5F494 /* poly2mod.h */ = {isa = PBXFileReference; fileEncoding = 4; lastKnownFileType = sourcecode.c.h; path = poly2mod.h; sourceTree = "<group>"; };
		F33D2D0820D6F76000E5F494 /* zzn3.h */ = {isa = PBXFileReference; fileEncoding = 4; lastKnownFileType = sourcecode.c.h; path = zzn3.h; sourceTree = "<group>"; };
		F33D2D0920D6F76000E5F494 /* zzn12b.h */ = {isa = PBXFileReference; fileEncoding = 4; lastKnownFileType = sourcecode.c.h; path = zzn12b.h; sourceTree = "<group>"; };
		F33D2D0A20D6F76100E5F494 /* zzn.h */ = {isa = PBXFileReference; fileEncoding = 4; lastKnownFileType = sourcecode.c.h; path = zzn.h; sourceTree = "<group>"; };
		F33D2D0B20D6F76100E5F494 /* ec2.h */ = {isa = PBXFileReference; fileEncoding = 4; lastKnownFileType = sourcecode.c.h; path = ec2.h; sourceTree = "<group>"; };
		F33D2D0C20D6F76100E5F494 /* ecn.h */ = {isa = PBXFileReference; fileEncoding = 4; lastKnownFileType = sourcecode.c.h; path = ecn.h; sourceTree = "<group>"; };
		F33D2D0D20D6F76100E5F494 /* variable.h */ = {isa = PBXFileReference; fileEncoding = 4; lastKnownFileType = sourcecode.c.h; path = variable.h; sourceTree = "<group>"; };
		F33D2D0E20D6F76100E5F494 /* zzn36.h */ = {isa = PBXFileReference; fileEncoding = 4; lastKnownFileType = sourcecode.c.h; path = zzn36.h; sourceTree = "<group>"; };
		F33D2D0F20D6F76100E5F494 /* polymod.h */ = {isa = PBXFileReference; fileEncoding = 4; lastKnownFileType = sourcecode.c.h; path = polymod.h; sourceTree = "<group>"; };
		F33D2D1020D6F76200E5F494 /* zzn8.h */ = {isa = PBXFileReference; fileEncoding = 4; lastKnownFileType = sourcecode.c.h; path = zzn8.h; sourceTree = "<group>"; };
		F33D2D1120D6F76200E5F494 /* zzn12a.h */ = {isa = PBXFileReference; fileEncoding = 4; lastKnownFileType = sourcecode.c.h; path = zzn12a.h; sourceTree = "<group>"; };
		F33D2D1220D6F76200E5F494 /* ecn3.h */ = {isa = PBXFileReference; fileEncoding = 4; lastKnownFileType = sourcecode.c.h; path = ecn3.h; sourceTree = "<group>"; };
		F33D2D1320D6F76200E5F494 /* zzn12.h */ = {isa = PBXFileReference; fileEncoding = 4; lastKnownFileType = sourcecode.c.h; path = zzn12.h; sourceTree = "<group>"; };
		F33D2D1420D6F76200E5F494 /* ecn8.h */ = {isa = PBXFileReference; fileEncoding = 4; lastKnownFileType = sourcecode.c.h; path = ecn8.h; sourceTree = "<group>"; };
		F33D2D1520D6F76200E5F494 /* pairing_1.h */ = {isa = PBXFileReference; fileEncoding = 4; lastKnownFileType = sourcecode.c.h; path = pairing_1.h; sourceTree = "<group>"; };
		F33D2D1620D6F76300E5F494 /* crt.h */ = {isa = PBXFileReference; fileEncoding = 4; lastKnownFileType = sourcecode.c.h; path = crt.h; sourceTree = "<group>"; };
		F33D2D1720D6F76300E5F494 /* poly2.h */ = {isa = PBXFileReference; fileEncoding = 4; lastKnownFileType = sourcecode.c.h; path = poly2.h; sourceTree = "<group>"; };
		F33D2D1820D6F76300E5F494 /* ecnzzn.h */ = {isa = PBXFileReference; fileEncoding = 4; lastKnownFileType = sourcecode.c.h; path = ecnzzn.h; sourceTree = "<group>"; };
		F33D2D1920D6F76300E5F494 /* ecdh.h */ = {isa = PBXFileReference; fileEncoding = 4; lastKnownFileType = sourcecode.c.h; path = ecdh.h; sourceTree = "<group>"; };
		F33D2D1A20D6F76300E5F494 /* ecn2.h */ = {isa = PBXFileReference; fileEncoding = 4; lastKnownFileType = sourcecode.c.h; path = ecn2.h; sourceTree = "<group>"; };
		F33D2D1B20D6F76300E5F494 /* flpoly.h */ = {isa = PBXFileReference; fileEncoding = 4; lastKnownFileType = sourcecode.c.h; path = flpoly.h; sourceTree = "<group>"; };
		F33D2D1C20D6F76400E5F494 /* sf2m12x.h */ = {isa = PBXFileReference; fileEncoding = 4; lastKnownFileType = sourcecode.c.h; path = sf2m12x.h; sourceTree = "<group>"; };
		F33D2D1D20D6F76400E5F494 /* ps_zzn.h */ = {isa = PBXFileReference; fileEncoding = 4; lastKnownFileType = sourcecode.c.h; path = ps_zzn.h; sourceTree = "<group>"; };
		F33D2D1E20D6F76400E5F494 /* polyxy.h */ = {isa = PBXFileReference; fileEncoding = 4; lastKnownFileType = sourcecode.c.h; path = polyxy.h; sourceTree = "<group>"; };
		F33D2D1F20D6F76400E5F494 /* poly2xy.h */ = {isa = PBXFileReference; fileEncoding = 4; lastKnownFileType = sourcecode.c.h; path = poly2xy.h; sourceTree = "<group>"; };
		F33D2D2020D6F76400E5F494 /* p1363.h */ = {isa = PBXFileReference; fileEncoding = 4; lastKnownFileType = sourcecode.c.h; path = p1363.h; sourceTree = "<group>"; };
		F33D2D2120D6F76500E5F494 /* zzn6a.h */ = {isa = PBXFileReference; fileEncoding = 4; lastKnownFileType = sourcecode.c.h; path = zzn6a.h; sourceTree = "<group>"; };
		F33D2D2220D6F7A400E5F494 /* big.h */ = {isa = PBXFileReference; fileEncoding = 4; lastKnownFileType = sourcecode.c.h; path = big.h; sourceTree = "<group>"; };
		F33D2D2320D6F7F500E5F494 /* mirdef.h */ = {isa = PBXFileReference; fileEncoding = 4; lastKnownFileType = sourcecode.c.h; path = mirdef.h; sourceTree = "<group>"; };
		F33D2D2420D6F82E00E5F494 /* miracl.h */ = {isa = PBXFileReference; fileEncoding = 4; lastKnownFileType = sourcecode.c.h; path = miracl.h; sourceTree = "<group>"; };
		F33D2D4020D839CD00E5F494 /* parser.tab.c */ = {isa = PBXFileReference; fileEncoding = 4; lastKnownFileType = sourcecode.c.c; path = parser.tab.c; sourceTree = "<group>"; };
		F33D2D4120D839CE00E5F494 /* parser.tab.h */ = {isa = PBXFileReference; fileEncoding = 4; lastKnownFileType = sourcecode.c.h; path = parser.tab.h; sourceTree = "<group>"; };
		F33D2D4520D839E100E5F494 /* lexer.c */ = {isa = PBXFileReference; fileEncoding = 4; lastKnownFileType = sourcecode.c.c; path = lexer.c; sourceTree = "<group>"; };
		F33D2D4E20D84F8B00E5F494 /* tcp.cpp */ = {isa = PBXFileReference; lastKnownFileType = sourcecode.cpp.cpp; path = tcp.cpp; sourceTree = "<group>"; };
		F33D2D5520D853C000E5F494 /* BuildOTExtension.sh */ = {isa = PBXFileReference; fileEncoding = 4; lastKnownFileType = text.script.sh; path = BuildOTExtension.sh; sourceTree = "<group>"; };
		F33D2D5720D85CC400E5F494 /* miracl.a */ = {isa = PBXFileReference; lastKnownFileType = archive.ar; path = miracl.a; sourceTree = "<group>"; };
		F33D2D5920D8604E00E5F494 /* libotext.a */ = {isa = PBXFileReference; lastKnownFileType = archive.ar; name = libotext.a; path = gash/libotext.a; sourceTree = "<group>"; };
		F33D2D5C20D8614700E5F494 /* miracl.a */ = {isa = PBXFileReference; lastKnownFileType = archive.ar; name = miracl.a; path = gash/miracl.a; sourceTree = "<group>"; };
		F33D2D5E20D8616C00E5F494 /* miracl.a */ = {isa = PBXFileReference; lastKnownFileType = archive.ar; name = miracl.a; path = gash/OTExtension/ENCRYPTO_utils/miracl_lib/miracl.a; sourceTree = "<group>"; };
		F33D2D6020D8620800E5F494 /* libssl.a */ = {isa = PBXFileReference; lastKnownFileType = archive.ar; name = libssl.a; path = ../../../../usr/local/Cellar/openssl/1.0.2o_1/lib/libssl.a; sourceTree = "<group>"; };
		F37DA55320DADB9D005EC8BA /* evaluator.hpp */ = {isa = PBXFileReference; fileEncoding = 4; lastKnownFileType = sourcecode.cpp.h; path = evaluator.hpp; sourceTree = "<group>"; };
		F37DA55420DADB9D005EC8BA /* func.hpp */ = {isa = PBXFileReference; fileEncoding = 4; lastKnownFileType = sourcecode.cpp.h; path = func.hpp; sourceTree = "<group>"; };
		F37DA55520DADB9D005EC8BA /* common.hpp */ = {isa = PBXFileReference; fileEncoding = 4; lastKnownFileType = sourcecode.cpp.h; path = common.hpp; sourceTree = "<group>"; };
		F37DA55620DADB9E005EC8BA /* circuit.hpp */ = {isa = PBXFileReference; fileEncoding = 4; lastKnownFileType = sourcecode.cpp.h; path = circuit.hpp; sourceTree = "<group>"; };
		F37DA55720DADB9E005EC8BA /* garbled_circuit.hpp */ = {isa = PBXFileReference; fileEncoding = 4; lastKnownFileType = sourcecode.cpp.h; path = garbled_circuit.hpp; sourceTree = "<group>"; };
		F37DA55820DADB9E005EC8BA /* garbler.hpp */ = {isa = PBXFileReference; fileEncoding = 4; lastKnownFileType = sourcecode.cpp.h; path = garbler.hpp; sourceTree = "<group>"; };
		F37DA55920DADB9E005EC8BA /* util.cpp */ = {isa = PBXFileReference; fileEncoding = 4; lastKnownFileType = sourcecode.cpp.cpp; path = util.cpp; sourceTree = "<group>"; };
		F37DA55A20DADB9E005EC8BA /* aes.cpp */ = {isa = PBXFileReference; fileEncoding = 4; lastKnownFileType = sourcecode.cpp.cpp; path = aes.cpp; sourceTree = "<group>"; };
		F37DA55B20DADB9F005EC8BA /* ot.hpp */ = {isa = PBXFileReference; fileEncoding = 4; lastKnownFileType = sourcecode.cpp.h; path = ot.hpp; sourceTree = "<group>"; };
		F37DA55C20DADB9F005EC8BA /* lang.cpp */ = {isa = PBXFileReference; fileEncoding = 4; lastKnownFileType = sourcecode.cpp.cpp; path = lang.cpp; sourceTree = "<group>"; };
		F37DA55D20DADB9F005EC8BA /* lang.hpp */ = {isa = PBXFileReference; fileEncoding = 4; lastKnownFileType = sourcecode.cpp.h; path = lang.hpp; sourceTree = "<group>"; };
		F37DA55E20DADB9F005EC8BA /* sym.cpp */ = {isa = PBXFileReference; fileEncoding = 4; lastKnownFileType = sourcecode.cpp.cpp; path = sym.cpp; sourceTree = "<group>"; };
		F37DA55F20DADBA0005EC8BA /* aes.hpp */ = {isa = PBXFileReference; fileEncoding = 4; lastKnownFileType = sourcecode.cpp.h; path = aes.hpp; sourceTree = "<group>"; };
		F37DA56020DADBA0005EC8BA /* sym.hpp */ = {isa = PBXFileReference; fileEncoding = 4; lastKnownFileType = sourcecode.cpp.h; path = sym.hpp; sourceTree = "<group>"; };
		F37DA56120DADBA0005EC8BA /* div_circuit.hpp */ = {isa = PBXFileReference; fileEncoding = 4; lastKnownFileType = sourcecode.cpp.h; path = div_circuit.hpp; sourceTree = "<group>"; };
		F37DA56320DADBA0005EC8BA /* util.hpp */ = {isa = PBXFileReference; fileEncoding = 4; lastKnownFileType = sourcecode.cpp.h; path = util.hpp; sourceTree = "<group>"; };
		F3D404E020D6F19800FCFF08 /* gash.app */ = {isa = PBXFileReference; explicitFileType = wrapper.application; includeInIndex = 0; path = gash.app; sourceTree = BUILT_PRODUCTS_DIR; };
		F3D404E320D6F19800FCFF08 /* AppDelegate.swift */ = {isa = PBXFileReference; lastKnownFileType = sourcecode.swift; path = AppDelegate.swift; sourceTree = "<group>"; };
		F3D404E520D6F19800FCFF08 /* ViewController.swift */ = {isa = PBXFileReference; lastKnownFileType = sourcecode.swift; path = ViewController.swift; sourceTree = "<group>"; };
		F3D404E720D6F19900FCFF08 /* Assets.xcassets */ = {isa = PBXFileReference; lastKnownFileType = folder.assetcatalog; path = Assets.xcassets; sourceTree = "<group>"; };
		F3D404EA20D6F19900FCFF08 /* Base */ = {isa = PBXFileReference; lastKnownFileType = file.storyboard; name = Base; path = Base.lproj/Main.storyboard; sourceTree = "<group>"; };
		F3D404EC20D6F19900FCFF08 /* Info.plist */ = {isa = PBXFileReference; lastKnownFileType = text.plist.xml; path = Info.plist; sourceTree = "<group>"; };
		F3D404ED20D6F19900FCFF08 /* gash.entitlements */ = {isa = PBXFileReference; lastKnownFileType = text.plist.entitlements; path = gash.entitlements; sourceTree = "<group>"; };
		F3D404F220D6F19A00FCFF08 /* gashTests.xctest */ = {isa = PBXFileReference; explicitFileType = wrapper.cfbundle; includeInIndex = 0; path = gashTests.xctest; sourceTree = BUILT_PRODUCTS_DIR; };
		F3D404F620D6F19A00FCFF08 /* gashTests.swift */ = {isa = PBXFileReference; lastKnownFileType = sourcecode.swift; path = gashTests.swift; sourceTree = "<group>"; };
		F3D404F820D6F19A00FCFF08 /* Info.plist */ = {isa = PBXFileReference; lastKnownFileType = text.plist.xml; path = Info.plist; sourceTree = "<group>"; };
		F3D404FD20D6F19A00FCFF08 /* gashUITests.xctest */ = {isa = PBXFileReference; explicitFileType = wrapper.cfbundle; includeInIndex = 0; path = gashUITests.xctest; sourceTree = BUILT_PRODUCTS_DIR; };
		F3D4050120D6F19A00FCFF08 /* gashUITests.swift */ = {isa = PBXFileReference; lastKnownFileType = sourcecode.swift; path = gashUITests.swift; sourceTree = "<group>"; };
		F3D4050320D6F19A00FCFF08 /* Info.plist */ = {isa = PBXFileReference; lastKnownFileType = text.plist.xml; path = Info.plist; sourceTree = "<group>"; };
/* End PBXFileReference section */

/* Begin PBXFrameworksBuildPhase section */
		F3D404DD20D6F19800FCFF08 /* Frameworks */ = {
			isa = PBXFrameworksBuildPhase;
			buildActionMask = 2147483647;
			files = (
				F33D2D5D20D8614700E5F494 /* miracl.a in Frameworks */,
				F33D2D5A20D8604F00E5F494 /* libotext.a in Frameworks */,
				0293D3558D51726567D2A078 /* Pods_gash.framework in Frameworks */,
			);
			runOnlyForDeploymentPostprocessing = 0;
		};
		F3D404EF20D6F19A00FCFF08 /* Frameworks */ = {
			isa = PBXFrameworksBuildPhase;
			buildActionMask = 2147483647;
			files = (
				7119F89B207335078978B2B8 /* Pods_gashTests.framework in Frameworks */,
			);
			runOnlyForDeploymentPostprocessing = 0;
		};
		F3D404FA20D6F19A00FCFF08 /* Frameworks */ = {
			isa = PBXFrameworksBuildPhase;
			buildActionMask = 2147483647;
			files = (
				EFC2EE0BC23D957D4964DC8B /* Pods_gashUITests.framework in Frameworks */,
			);
			runOnlyForDeploymentPostprocessing = 0;
		};
/* End PBXFrameworksBuildPhase section */

/* Begin PBXGroup section */
		3883300510762525A837B3BE /* Frameworks */ = {
			isa = PBXGroup;
			children = (
				F33D2D6020D8620800E5F494 /* libssl.a */,
				F33D2D5C20D8614700E5F494 /* miracl.a */,
				F33D2D5E20D8616C00E5F494 /* miracl.a */,
				F33D2D5920D8604E00E5F494 /* libotext.a */,
				F33D2D5720D85CC400E5F494 /* miracl.a */,
				37AA3D7374097AAEB3EF69EB /* Pods_gash.framework */,
				B4261F32B5D6F8CC3250B5D6 /* Pods_gashTests.framework */,
				66E6FA363A380BFB44197B63 /* Pods_gashUITests.framework */,
			);
			name = Frameworks;
			sourceTree = "<group>";
		};
		C8C247EDE53002C790262FFE /* Pods */ = {
			isa = PBXGroup;
			children = (
				C1EF319033E428DC1DBC9E9E /* Pods-gash.debug.xcconfig */,
				A033B21F34ADF5B0F633E5B9 /* Pods-gash.release.xcconfig */,
				978EAC949AF025D037938CEE /* Pods-gashTests.debug.xcconfig */,
				CF6EF4A9C36FBA0E17D173CA /* Pods-gashTests.release.xcconfig */,
				92199474312CE9604B2FF986 /* Pods-gashUITests.debug.xcconfig */,
				EAAA7792318BEC698D1101EC /* Pods-gashUITests.release.xcconfig */,
			);
			name = Pods;
			sourceTree = "<group>";
		};
		F33D2C9F20D6F50C00E5F494 /* OTExtension */ = {
			isa = PBXGroup;
			children = (
				F33D2CCE20D6F61C00E5F494 /* ot */,
				F33D2CB220D6F59900E5F494 /* ENCRYPTO_utils */,
			);
			path = OTExtension;
			sourceTree = "<group>";
		};
		F33D2CB220D6F59900E5F494 /* ENCRYPTO_utils */ = {
			isa = PBXGroup;
			children = (
				F33D2CF120D6F6D400E5F494 /* miracl_lib */,
				F33D2CC420D6F5D000E5F494 /* crypto */,
				F33D2CB620D6F5A900E5F494 /* cbitvector.h */,
				F33D2CBB20D6F5A900E5F494 /* channel.h */,
				F33D2CBE20D6F5AA00E5F494 /* circular_queue.h */,
				F33D2CB320D6F5A800E5F494 /* codewords.h */,
				F33D2CB720D6F5A900E5F494 /* connection.h */,
				F33D2CB920D6F5A900E5F494 /* constants.h */,
				F33D2CC120D6F5AA00E5F494 /* fileops.h */,
				F33D2CB420D6F5A800E5F494 /* graycode.h */,
				F33D2CB520D6F5A800E5F494 /* parse_options.h */,
				F33D2CC020D6F5AA00E5F494 /* powmod.h */,
				F33D2CB820D6F5A900E5F494 /* rcvthread.h */,
				F33D2CBC20D6F5A900E5F494 /* sndthread.h */,
				F33D2CC320D6F5AA00E5F494 /* socket.h */,
				F33D2CBA20D6F5A900E5F494 /* thread.h */,
				F33D2CBD20D6F5AA00E5F494 /* timer.h */,
				F33D2CC220D6F5AA00E5F494 /* typedefs.h */,
				F33D2CBF20D6F5AA00E5F494 /* utils.h */,
			);
			path = ENCRYPTO_utils;
			sourceTree = "<group>";
		};
		F33D2CC420D6F5D000E5F494 /* crypto */ = {
			isa = PBXGroup;
			children = (
				F33D2CC720D6F5FE00E5F494 /* Config.h */,
				F33D2CCA20D6F5FE00E5F494 /* crypto.h */,
				F33D2CC820D6F5FE00E5F494 /* dgk.h */,
				F33D2CCB20D6F5FE00E5F494 /* djn.h */,
				F33D2CCD20D6F5FF00E5F494 /* ecc-pk-crypto.h */,
				F33D2CC920D6F5FE00E5F494 /* gmp-pk-crypto.h */,
				F33D2CCC20D6F5FE00E5F494 /* intrin_sequential_enc8.h */,
				F33D2CC520D6F5FE00E5F494 /* pk-crypto.h */,
				F33D2CC620D6F5FE00E5F494 /* TedKrovetzAesNiWrapperC.h */,
			);
			path = crypto;
			sourceTree = "<group>";
		};
		F33D2CCE20D6F61C00E5F494 /* ot */ = {
			isa = PBXGroup;
			children = (
				F33D2CE320D6F6B200E5F494 /* alsz-ot-ext-rec.h */,
				F33D2CE920D6F6B200E5F494 /* alsz-ot-ext-snd.h */,
				F33D2CDC20D6F6B100E5F494 /* asharov-lindell.h */,
				F33D2CEA20D6F6B200E5F494 /* baseOT.h */,
				F33D2CE520D6F6B200E5F494 /* iknp-ot-ext-rec.h */,
				F33D2CED20D6F6B300E5F494 /* iknp-ot-ext-snd.h */,
				F33D2CDE20D6F6B100E5F494 /* kk-ot-ext-rec.h */,
				F33D2CE020D6F6B100E5F494 /* kk-ot-ext-snd.h */,
				F33D2CE620D6F6B200E5F494 /* kk-ot-ext.h */,
				F33D2CE220D6F6B100E5F494 /* maskingfunction.h */,
				F33D2CE420D6F6B200E5F494 /* naor-pinkas_noro.h */,
				F33D2CE720D6F6B200E5F494 /* naor-pinkas.h */,
				F33D2CE120D6F6B100E5F494 /* nnob-ot-ext-rec.h */,
				F33D2CEC20D6F6B300E5F494 /* nnob-ot-ext-snd.h */,
				F33D2CEF20D6F6B300E5F494 /* ot-ext-rec.h */,
				F33D2CDD20D6F6B100E5F494 /* ot-ext-snd.h */,
				F33D2CE820D6F6B200E5F494 /* ot-ext.h */,
				F33D2CF020D6F6B300E5F494 /* OTconstants.h */,
				F33D2CDF20D6F6B100E5F494 /* pvwddh.h */,
				F33D2CEE20D6F6B300E5F494 /* simpleot.h */,
				F33D2CEB20D6F6B300E5F494 /* xormasking.h */,
			);
			path = ot;
			sourceTree = "<group>";
		};
		F33D2CF120D6F6D400E5F494 /* miracl_lib */ = {
			isa = PBXGroup;
			children = (
				F33D2D2420D6F82E00E5F494 /* miracl.h */,
				F33D2D2320D6F7F500E5F494 /* mirdef.h */,
				F33D2D2220D6F7A400E5F494 /* big.h */,
				F33D2CF720D6F75E00E5F494 /* brick.h */,
				F33D2D0520D6F76000E5F494 /* complex.h */,
				F33D2D1620D6F76300E5F494 /* crt.h */,
				F33D2D0020D6F75F00E5F494 /* ebrick.h */,
				F33D2CF920D6F75E00E5F494 /* ebrick2.h */,
				F33D2D0B20D6F76100E5F494 /* ec2.h */,
				F33D2D1920D6F76300E5F494 /* ecdh.h */,
				F33D2D0C20D6F76100E5F494 /* ecn.h */,
				F33D2D1A20D6F76300E5F494 /* ecn2.h */,
				F33D2D1220D6F76200E5F494 /* ecn3.h */,
				F33D2CFB20D6F75E00E5F494 /* ecn4.h */,
				F33D2CF320D6F75D00E5F494 /* ecn6.h */,
				F33D2D1420D6F76200E5F494 /* ecn8.h */,
				F33D2D1820D6F76300E5F494 /* ecnzzn.h */,
				F33D2CFF20D6F75F00E5F494 /* flash.h */,
				F33D2D0620D6F76000E5F494 /* floating.h */,
				F33D2D1B20D6F76300E5F494 /* flpoly.h */,
				F33D2D0120D6F75F00E5F494 /* gf2m.h */,
				F33D2D0420D6F76000E5F494 /* gf2m4x.h */,
				F33D2CF520D6F75E00E5F494 /* gf2m6x.h */,
				F33D2CFE20D6F75F00E5F494 /* gf2m12x.h */,
				F33D2CF420D6F75D00E5F494 /* octet.h */,
				F33D2D2020D6F76400E5F494 /* p1363.h */,
				F33D2D1520D6F76200E5F494 /* pairing_1.h */,
				F33D2D0220D6F75F00E5F494 /* pairing_3.h */,
				F33D2D0320D6F76000E5F494 /* poly.h */,
				F33D2D1720D6F76300E5F494 /* poly2.h */,
				F33D2D0720D6F76000E5F494 /* poly2mod.h */,
				F33D2D1F20D6F76400E5F494 /* poly2xy.h */,
				F33D2D0F20D6F76100E5F494 /* polymod.h */,
				F33D2D1E20D6F76400E5F494 /* polyxy.h */,
				F33D2CF820D6F75E00E5F494 /* ps_big.h */,
				F33D2D1D20D6F76400E5F494 /* ps_zzn.h */,
				F33D2D1C20D6F76400E5F494 /* sf2m12x.h */,
				F33D2D0D20D6F76100E5F494 /* variable.h */,
				F33D2D0A20D6F76100E5F494 /* zzn.h */,
				F33D2CF220D6F75D00E5F494 /* zzn2.h */,
				F33D2D0820D6F76000E5F494 /* zzn3.h */,
				F33D2CF620D6F75E00E5F494 /* zzn4.h */,
				F33D2CFD20D6F75F00E5F494 /* zzn6.h */,
				F33D2D2120D6F76500E5F494 /* zzn6a.h */,
				F33D2D1020D6F76200E5F494 /* zzn8.h */,
				F33D2D1320D6F76200E5F494 /* zzn12.h */,
				F33D2D1120D6F76200E5F494 /* zzn12a.h */,
				F33D2D0920D6F76000E5F494 /* zzn12b.h */,
				F33D2CFA20D6F75E00E5F494 /* zzn18.h */,
				F33D2CFC20D6F75F00E5F494 /* zzn24.h */,
				F33D2D0E20D6F76100E5F494 /* zzn36.h */,
			);
			path = miracl_lib;
			sourceTree = "<group>";
		};
		F3D404D720D6F19800FCFF08 = {
			isa = PBXGroup;
			children = (
				F3D404E220D6F19800FCFF08 /* gash */,
				F3D404F520D6F19A00FCFF08 /* gashTests */,
				F3D4050020D6F19A00FCFF08 /* gashUITests */,
				F3D404E120D6F19800FCFF08 /* Products */,
				C8C247EDE53002C790262FFE /* Pods */,
				3883300510762525A837B3BE /* Frameworks */,
			);
			sourceTree = "<group>";
		};
		F3D404E120D6F19800FCFF08 /* Products */ = {
			isa = PBXGroup;
			children = (
				F3D404E020D6F19800FCFF08 /* gash.app */,
				F3D404F220D6F19A00FCFF08 /* gashTests.xctest */,
				F3D404FD20D6F19A00FCFF08 /* gashUITests.xctest */,
			);
			name = Products;
			sourceTree = "<group>";
		};
		F3D404E220D6F19800FCFF08 /* gash */ = {
			isa = PBXGroup;
			children = (
				F33D2C9F20D6F50C00E5F494 /* OTExtension */,
				F37DA55A20DADB9E005EC8BA /* aes.cpp */,
				F37DA55F20DADBA0005EC8BA /* aes.hpp */,
				F37DA55620DADB9E005EC8BA /* circuit.hpp */,
				F37DA55520DADB9D005EC8BA /* common.hpp */,
				F37DA56120DADBA0005EC8BA /* div_circuit.hpp */,
				F37DA55320DADB9D005EC8BA /* evaluator.hpp */,
				F37DA55420DADB9D005EC8BA /* func.hpp */,
				F37DA55720DADB9E005EC8BA /* garbled_circuit.hpp */,
				F37DA55820DADB9E005EC8BA /* garbler.hpp */,
				F37DA55C20DADB9F005EC8BA /* lang.cpp */,
				F37DA55D20DADB9F005EC8BA /* lang.hpp */,
				F37DA55B20DADB9F005EC8BA /* ot.hpp */,
				F37DA55E20DADB9F005EC8BA /* sym.cpp */,
				F37DA56020DADBA0005EC8BA /* sym.hpp */,
				F37DA55920DADB9E005EC8BA /* util.cpp */,
				F37DA56320DADBA0005EC8BA /* util.hpp */,
				F33D2D5520D853C000E5F494 /* BuildOTExtension.sh */,
				F33D2D4520D839E100E5F494 /* lexer.c */,
				F33D2D4020D839CD00E5F494 /* parser.tab.c */,
				F33D2D4120D839CE00E5F494 /* parser.tab.h */,
				F33D23E120D6F3B900E5F494 /* tcp.hpp */,
				F33D2D4E20D84F8B00E5F494 /* tcp.cpp */,
				F33D23D820D6F38300E5F494 /* gash_swift_api.cpp */,
				F33D23D920D6F38300E5F494 /* gash_swift_api.hpp */,
				F33D23D720D6F38200E5F494 /* gash-Bridging-Header.h */,
				F33D23D120D6F35F00E5F494 /* Circuit.swift */,
				F33D23D220D6F35F00E5F494 /* DivCircuit.swift */,
				F33D23D320D6F35F00E5F494 /* StreamReader.swift */,
				F3D404E320D6F19800FCFF08 /* AppDelegate.swift */,
				F3D404E520D6F19800FCFF08 /* ViewController.swift */,
				F3D404E720D6F19900FCFF08 /* Assets.xcassets */,
				F3D404E920D6F19900FCFF08 /* Main.storyboard */,
				F3D404EC20D6F19900FCFF08 /* Info.plist */,
				F3D404ED20D6F19900FCFF08 /* gash.entitlements */,
			);
			path = gash;
			sourceTree = "<group>";
		};
		F3D404F520D6F19A00FCFF08 /* gashTests */ = {
			isa = PBXGroup;
			children = (
				F3D404F620D6F19A00FCFF08 /* gashTests.swift */,
				F3D404F820D6F19A00FCFF08 /* Info.plist */,
			);
			path = gashTests;
			sourceTree = "<group>";
		};
		F3D4050020D6F19A00FCFF08 /* gashUITests */ = {
			isa = PBXGroup;
			children = (
				F3D4050120D6F19A00FCFF08 /* gashUITests.swift */,
				F3D4050320D6F19A00FCFF08 /* Info.plist */,
			);
			path = gashUITests;
			sourceTree = "<group>";
		};
/* End PBXGroup section */

/* Begin PBXNativeTarget section */
		F3D404DF20D6F19800FCFF08 /* gash */ = {
			isa = PBXNativeTarget;
			buildConfigurationList = F3D4050620D6F19A00FCFF08 /* Build configuration list for PBXNativeTarget "gash" */;
			buildPhases = (
				37B6284E9D0958B5DCA2F017 /* [CP] Check Pods Manifest.lock */,
				F3D404DC20D6F19800FCFF08 /* Sources */,
				F3D404DD20D6F19800FCFF08 /* Frameworks */,
				F3D404DE20D6F19800FCFF08 /* Resources */,
				B3D86E40986512BAFE762C51 /* [CP] Embed Pods Frameworks */,
				F33D2D3F20D837F200E5F494 /* ShellScript */,
				F33D2D4720D83AE500E5F494 /* ShellScript */,
				F33D2D5220D8522300E5F494 /* ShellScript */,
			);
			buildRules = (
			);
			dependencies = (
			);
			name = gash;
			productName = gash;
			productReference = F3D404E020D6F19800FCFF08 /* gash.app */;
			productType = "com.apple.product-type.application";
		};
		F3D404F120D6F19A00FCFF08 /* gashTests */ = {
			isa = PBXNativeTarget;
			buildConfigurationList = F3D4050920D6F19A00FCFF08 /* Build configuration list for PBXNativeTarget "gashTests" */;
			buildPhases = (
				E64CE60C1E50CA6F35D33B7D /* [CP] Check Pods Manifest.lock */,
				F3D404EE20D6F19A00FCFF08 /* Sources */,
				F3D404EF20D6F19A00FCFF08 /* Frameworks */,
				F3D404F020D6F19A00FCFF08 /* Resources */,
			);
			buildRules = (
			);
			dependencies = (
				F3D404F420D6F19A00FCFF08 /* PBXTargetDependency */,
			);
			name = gashTests;
			productName = gashTests;
			productReference = F3D404F220D6F19A00FCFF08 /* gashTests.xctest */;
			productType = "com.apple.product-type.bundle.unit-test";
		};
		F3D404FC20D6F19A00FCFF08 /* gashUITests */ = {
			isa = PBXNativeTarget;
			buildConfigurationList = F3D4050C20D6F19A00FCFF08 /* Build configuration list for PBXNativeTarget "gashUITests" */;
			buildPhases = (
				EB1C5AC6F6303FE255A89B29 /* [CP] Check Pods Manifest.lock */,
				F3D404F920D6F19A00FCFF08 /* Sources */,
				F3D404FA20D6F19A00FCFF08 /* Frameworks */,
				F3D404FB20D6F19A00FCFF08 /* Resources */,
			);
			buildRules = (
			);
			dependencies = (
				F3D404FF20D6F19A00FCFF08 /* PBXTargetDependency */,
			);
			name = gashUITests;
			productName = gashUITests;
			productReference = F3D404FD20D6F19A00FCFF08 /* gashUITests.xctest */;
			productType = "com.apple.product-type.bundle.ui-testing";
		};
/* End PBXNativeTarget section */

/* Begin PBXProject section */
		F3D404D820D6F19800FCFF08 /* Project object */ = {
			isa = PBXProject;
			attributes = {
				LastSwiftUpdateCheck = 0940;
				LastUpgradeCheck = 0940;
				ORGANIZATIONNAME = "Xiaoting Tang";
				TargetAttributes = {
					F3D404DF20D6F19800FCFF08 = {
						CreatedOnToolsVersion = 9.4;
						LastSwiftMigration = 0940;
					};
					F3D404F120D6F19A00FCFF08 = {
						CreatedOnToolsVersion = 9.4;
						TestTargetID = F3D404DF20D6F19800FCFF08;
					};
					F3D404FC20D6F19A00FCFF08 = {
						CreatedOnToolsVersion = 9.4;
						TestTargetID = F3D404DF20D6F19800FCFF08;
					};
				};
			};
			buildConfigurationList = F3D404DB20D6F19800FCFF08 /* Build configuration list for PBXProject "gash" */;
			compatibilityVersion = "Xcode 9.3";
			developmentRegion = en;
			hasScannedForEncodings = 0;
			knownRegions = (
				en,
				Base,
			);
			mainGroup = F3D404D720D6F19800FCFF08;
			productRefGroup = F3D404E120D6F19800FCFF08 /* Products */;
			projectDirPath = "";
			projectRoot = "";
			targets = (
				F3D404DF20D6F19800FCFF08 /* gash */,
				F3D404F120D6F19A00FCFF08 /* gashTests */,
				F3D404FC20D6F19A00FCFF08 /* gashUITests */,
			);
		};
/* End PBXProject section */

/* Begin PBXResourcesBuildPhase section */
		F3D404DE20D6F19800FCFF08 /* Resources */ = {
			isa = PBXResourcesBuildPhase;
			buildActionMask = 2147483647;
			files = (
				F33D2D5620D853C100E5F494 /* BuildOTExtension.sh in Resources */,
				F3D404E820D6F19900FCFF08 /* Assets.xcassets in Resources */,
				F3D404EB20D6F19900FCFF08 /* Main.storyboard in Resources */,
			);
			runOnlyForDeploymentPostprocessing = 0;
		};
		F3D404F020D6F19A00FCFF08 /* Resources */ = {
			isa = PBXResourcesBuildPhase;
			buildActionMask = 2147483647;
			files = (
			);
			runOnlyForDeploymentPostprocessing = 0;
		};
		F3D404FB20D6F19A00FCFF08 /* Resources */ = {
			isa = PBXResourcesBuildPhase;
			buildActionMask = 2147483647;
			files = (
			);
			runOnlyForDeploymentPostprocessing = 0;
		};
/* End PBXResourcesBuildPhase section */

/* Begin PBXShellScriptBuildPhase section */
		37B6284E9D0958B5DCA2F017 /* [CP] Check Pods Manifest.lock */ = {
			isa = PBXShellScriptBuildPhase;
			buildActionMask = 2147483647;
			files = (
			);
			inputPaths = (
				"${PODS_PODFILE_DIR_PATH}/Podfile.lock",
				"${PODS_ROOT}/Manifest.lock",
			);
			name = "[CP] Check Pods Manifest.lock";
			outputPaths = (
				"$(DERIVED_FILE_DIR)/Pods-gash-checkManifestLockResult.txt",
			);
			runOnlyForDeploymentPostprocessing = 0;
			shellPath = /bin/sh;
			shellScript = "diff \"${PODS_PODFILE_DIR_PATH}/Podfile.lock\" \"${PODS_ROOT}/Manifest.lock\" > /dev/null\nif [ $? != 0 ] ; then\n    # print error to STDERR\n    echo \"error: The sandbox is not in sync with the Podfile.lock. Run 'pod install' or update your CocoaPods installation.\" >&2\n    exit 1\nfi\n# This output is used by Xcode 'outputs' to avoid re-running this script phase.\necho \"SUCCESS\" > \"${SCRIPT_OUTPUT_FILE_0}\"\n";
			showEnvVarsInLog = 0;
		};
		B3D86E40986512BAFE762C51 /* [CP] Embed Pods Frameworks */ = {
			isa = PBXShellScriptBuildPhase;
			buildActionMask = 2147483647;
			files = (
			);
			inputPaths = (
				"${SRCROOT}/Pods/Target Support Files/Pods-gash/Pods-gash-frameworks.sh",
				"${BUILT_PRODUCTS_DIR}/BigInt/BigInt.framework",
				"${BUILT_PRODUCTS_DIR}/SipHash/SipHash.framework",
			);
			name = "[CP] Embed Pods Frameworks";
			outputPaths = (
				"${TARGET_BUILD_DIR}/${FRAMEWORKS_FOLDER_PATH}/BigInt.framework",
				"${TARGET_BUILD_DIR}/${FRAMEWORKS_FOLDER_PATH}/SipHash.framework",
			);
			runOnlyForDeploymentPostprocessing = 0;
			shellPath = /bin/sh;
			shellScript = "\"${SRCROOT}/Pods/Target Support Files/Pods-gash/Pods-gash-frameworks.sh\"\n";
			showEnvVarsInLog = 0;
		};
		E64CE60C1E50CA6F35D33B7D /* [CP] Check Pods Manifest.lock */ = {
			isa = PBXShellScriptBuildPhase;
			buildActionMask = 2147483647;
			files = (
			);
			inputPaths = (
				"${PODS_PODFILE_DIR_PATH}/Podfile.lock",
				"${PODS_ROOT}/Manifest.lock",
			);
			name = "[CP] Check Pods Manifest.lock";
			outputPaths = (
				"$(DERIVED_FILE_DIR)/Pods-gashTests-checkManifestLockResult.txt",
			);
			runOnlyForDeploymentPostprocessing = 0;
			shellPath = /bin/sh;
			shellScript = "diff \"${PODS_PODFILE_DIR_PATH}/Podfile.lock\" \"${PODS_ROOT}/Manifest.lock\" > /dev/null\nif [ $? != 0 ] ; then\n    # print error to STDERR\n    echo \"error: The sandbox is not in sync with the Podfile.lock. Run 'pod install' or update your CocoaPods installation.\" >&2\n    exit 1\nfi\n# This output is used by Xcode 'outputs' to avoid re-running this script phase.\necho \"SUCCESS\" > \"${SCRIPT_OUTPUT_FILE_0}\"\n";
			showEnvVarsInLog = 0;
		};
		EB1C5AC6F6303FE255A89B29 /* [CP] Check Pods Manifest.lock */ = {
			isa = PBXShellScriptBuildPhase;
			buildActionMask = 2147483647;
			files = (
			);
			inputPaths = (
				"${PODS_PODFILE_DIR_PATH}/Podfile.lock",
				"${PODS_ROOT}/Manifest.lock",
			);
			name = "[CP] Check Pods Manifest.lock";
			outputPaths = (
				"$(DERIVED_FILE_DIR)/Pods-gashUITests-checkManifestLockResult.txt",
			);
			runOnlyForDeploymentPostprocessing = 0;
			shellPath = /bin/sh;
			shellScript = "diff \"${PODS_PODFILE_DIR_PATH}/Podfile.lock\" \"${PODS_ROOT}/Manifest.lock\" > /dev/null\nif [ $? != 0 ] ; then\n    # print error to STDERR\n    echo \"error: The sandbox is not in sync with the Podfile.lock. Run 'pod install' or update your CocoaPods installation.\" >&2\n    exit 1\nfi\n# This output is used by Xcode 'outputs' to avoid re-running this script phase.\necho \"SUCCESS\" > \"${SCRIPT_OUTPUT_FILE_0}\"\n";
			showEnvVarsInLog = 0;
		};
		F33D2D3F20D837F200E5F494 /* ShellScript */ = {
			isa = PBXShellScriptBuildPhase;
			buildActionMask = 2147483647;
			files = (
			);
			inputPaths = (
				$SRCROOT/gash/parser.ypp,
				"",
			);
			outputPaths = (
				$SRCROOT/gash/parser.tab.h,
				$SRCROOT/gash/parser.tab.c,
			);
			runOnlyForDeploymentPostprocessing = 0;
			shellPath = /bin/sh;
			shellScript = "bison --defines=$PROJECT_DIR/gash/parser.tab.h $PROJECT_DIR/gash/parser.ypp -o $PROJECT_DIR/gash/parser.tab.c\n";
		};
		F33D2D4720D83AE500E5F494 /* ShellScript */ = {
			isa = PBXShellScriptBuildPhase;
			buildActionMask = 2147483647;
			files = (
			);
			inputPaths = (
				"$(SRCROOT)/gash/lexer.l",
			);
			outputPaths = (
				"$(SRCROOT)/gash/lexer.c",
			);
			runOnlyForDeploymentPostprocessing = 0;
			shellPath = /bin/sh;
			shellScript = "flex --outfile=$PROJECT_DIR/gash/lexer.c $PROJECT_DIR/gash/lexer.l || true";
		};
		F33D2D5220D8522300E5F494 /* ShellScript */ = {
			isa = PBXShellScriptBuildPhase;
			buildActionMask = 2147483647;
			files = (
			);
			inputPaths = (
			);
			outputPaths = (
			);
			runOnlyForDeploymentPostprocessing = 0;
			shellPath = /bin/bash;
			shellScript = "cd $PROJECT_DIR/gash && bash BuildOTExtension.sh";
		};
/* End PBXShellScriptBuildPhase section */

/* Begin PBXSourcesBuildPhase section */
		F3D404DC20D6F19800FCFF08 /* Sources */ = {
			isa = PBXSourcesBuildPhase;
			buildActionMask = 2147483647;
			files = (
				F33A4DC320DB16E700AEE9ED /* lang.cpp in Sources */,
				F33A4DC420DB16E700AEE9ED /* sym.cpp in Sources */,
				F33A4DC520DB16E700AEE9ED /* lexer.c in Sources */,
				F33A4DC620DB16E700AEE9ED /* parser.tab.c in Sources */,
				F33A4DC220DB16C800AEE9ED /* aes.cpp in Sources */,
				F37DA56A20DADCF0005EC8BA /* tcp.cpp in Sources */,
				F37DA56920DADCD3005EC8BA /* util.cpp in Sources */,
				F33D23D620D6F35F00E5F494 /* StreamReader.swift in Sources */,
				F33D23D420D6F35F00E5F494 /* Circuit.swift in Sources */,
				F33D23D520D6F35F00E5F494 /* DivCircuit.swift in Sources */,
				F33D23DA20D6F38300E5F494 /* gash_swift_api.cpp in Sources */,
				F3D404E620D6F19800FCFF08 /* ViewController.swift in Sources */,
				F3D404E420D6F19800FCFF08 /* AppDelegate.swift in Sources */,
			);
			runOnlyForDeploymentPostprocessing = 0;
		};
		F3D404EE20D6F19A00FCFF08 /* Sources */ = {
			isa = PBXSourcesBuildPhase;
			buildActionMask = 2147483647;
			files = (
				F3D404F720D6F19A00FCFF08 /* gashTests.swift in Sources */,
			);
			runOnlyForDeploymentPostprocessing = 0;
		};
		F3D404F920D6F19A00FCFF08 /* Sources */ = {
			isa = PBXSourcesBuildPhase;
			buildActionMask = 2147483647;
			files = (
				F3D4050220D6F19A00FCFF08 /* gashUITests.swift in Sources */,
			);
			runOnlyForDeploymentPostprocessing = 0;
		};
/* End PBXSourcesBuildPhase section */

/* Begin PBXTargetDependency section */
		F3D404F420D6F19A00FCFF08 /* PBXTargetDependency */ = {
			isa = PBXTargetDependency;
			target = F3D404DF20D6F19800FCFF08 /* gash */;
			targetProxy = F3D404F320D6F19A00FCFF08 /* PBXContainerItemProxy */;
		};
		F3D404FF20D6F19A00FCFF08 /* PBXTargetDependency */ = {
			isa = PBXTargetDependency;
			target = F3D404DF20D6F19800FCFF08 /* gash */;
			targetProxy = F3D404FE20D6F19A00FCFF08 /* PBXContainerItemProxy */;
		};
/* End PBXTargetDependency section */

/* Begin PBXVariantGroup section */
		F3D404E920D6F19900FCFF08 /* Main.storyboard */ = {
			isa = PBXVariantGroup;
			children = (
				F3D404EA20D6F19900FCFF08 /* Base */,
			);
			name = Main.storyboard;
			sourceTree = "<group>";
		};
/* End PBXVariantGroup section */

/* Begin XCBuildConfiguration section */
		F3D4050420D6F19A00FCFF08 /* Debug */ = {
			isa = XCBuildConfiguration;
			buildSettings = {
				ALWAYS_SEARCH_USER_PATHS = NO;
				CLANG_ANALYZER_NONNULL = YES;
				CLANG_ANALYZER_NUMBER_OBJECT_CONVERSION = YES_AGGRESSIVE;
				CLANG_CXX_LANGUAGE_STANDARD = "gnu++14";
				CLANG_CXX_LIBRARY = "libc++";
				CLANG_ENABLE_MODULES = YES;
				CLANG_ENABLE_OBJC_ARC = YES;
				CLANG_ENABLE_OBJC_WEAK = YES;
				CLANG_WARN_BLOCK_CAPTURE_AUTORELEASING = YES;
				CLANG_WARN_BOOL_CONVERSION = YES;
				CLANG_WARN_COMMA = YES;
				CLANG_WARN_CONSTANT_CONVERSION = YES;
				CLANG_WARN_DEPRECATED_OBJC_IMPLEMENTATIONS = YES;
				CLANG_WARN_DIRECT_OBJC_ISA_USAGE = YES_ERROR;
				CLANG_WARN_DOCUMENTATION_COMMENTS = YES;
				CLANG_WARN_EMPTY_BODY = YES;
				CLANG_WARN_ENUM_CONVERSION = YES;
				CLANG_WARN_INFINITE_RECURSION = YES;
				CLANG_WARN_INT_CONVERSION = YES;
				CLANG_WARN_NON_LITERAL_NULL_CONVERSION = YES;
				CLANG_WARN_OBJC_IMPLICIT_RETAIN_SELF = YES;
				CLANG_WARN_OBJC_LITERAL_CONVERSION = YES;
				CLANG_WARN_OBJC_ROOT_CLASS = YES_ERROR;
				CLANG_WARN_RANGE_LOOP_ANALYSIS = YES;
				CLANG_WARN_STRICT_PROTOTYPES = YES;
				CLANG_WARN_SUSPICIOUS_MOVE = YES;
				CLANG_WARN_UNGUARDED_AVAILABILITY = YES_AGGRESSIVE;
				CLANG_WARN_UNREACHABLE_CODE = YES;
				CLANG_WARN__DUPLICATE_METHOD_MATCH = YES;
				CODE_SIGN_IDENTITY = "Mac Developer";
				COPY_PHASE_STRIP = NO;
				DEBUG_INFORMATION_FORMAT = dwarf;
				ENABLE_STRICT_OBJC_MSGSEND = YES;
				ENABLE_TESTABILITY = YES;
				GCC_C_LANGUAGE_STANDARD = gnu11;
				GCC_DYNAMIC_NO_PIC = NO;
				GCC_NO_COMMON_BLOCKS = YES;
				GCC_OPTIMIZATION_LEVEL = 0;
				GCC_PREPROCESSOR_DEFINITIONS = (
					"DEBUG=1",
					"$(inherited)",
				);
				GCC_WARN_64_TO_32_BIT_CONVERSION = YES;
				GCC_WARN_ABOUT_RETURN_TYPE = YES_ERROR;
				GCC_WARN_UNDECLARED_SELECTOR = YES;
				GCC_WARN_UNINITIALIZED_AUTOS = YES_AGGRESSIVE;
				GCC_WARN_UNUSED_FUNCTION = YES;
				GCC_WARN_UNUSED_VARIABLE = YES;
				MACOSX_DEPLOYMENT_TARGET = 10.13;
				MTL_ENABLE_DEBUG_INFO = YES;
				ONLY_ACTIVE_ARCH = YES;
				SDKROOT = macosx;
				SWIFT_ACTIVE_COMPILATION_CONDITIONS = DEBUG;
				SWIFT_OPTIMIZATION_LEVEL = "-Onone";
			};
			name = Debug;
		};
		F3D4050520D6F19A00FCFF08 /* Release */ = {
			isa = XCBuildConfiguration;
			buildSettings = {
				ALWAYS_SEARCH_USER_PATHS = NO;
				CLANG_ANALYZER_NONNULL = YES;
				CLANG_ANALYZER_NUMBER_OBJECT_CONVERSION = YES_AGGRESSIVE;
				CLANG_CXX_LANGUAGE_STANDARD = "gnu++14";
				CLANG_CXX_LIBRARY = "libc++";
				CLANG_ENABLE_MODULES = YES;
				CLANG_ENABLE_OBJC_ARC = YES;
				CLANG_ENABLE_OBJC_WEAK = YES;
				CLANG_WARN_BLOCK_CAPTURE_AUTORELEASING = YES;
				CLANG_WARN_BOOL_CONVERSION = YES;
				CLANG_WARN_COMMA = YES;
				CLANG_WARN_CONSTANT_CONVERSION = YES;
				CLANG_WARN_DEPRECATED_OBJC_IMPLEMENTATIONS = YES;
				CLANG_WARN_DIRECT_OBJC_ISA_USAGE = YES_ERROR;
				CLANG_WARN_DOCUMENTATION_COMMENTS = YES;
				CLANG_WARN_EMPTY_BODY = YES;
				CLANG_WARN_ENUM_CONVERSION = YES;
				CLANG_WARN_INFINITE_RECURSION = YES;
				CLANG_WARN_INT_CONVERSION = YES;
				CLANG_WARN_NON_LITERAL_NULL_CONVERSION = YES;
				CLANG_WARN_OBJC_IMPLICIT_RETAIN_SELF = YES;
				CLANG_WARN_OBJC_LITERAL_CONVERSION = YES;
				CLANG_WARN_OBJC_ROOT_CLASS = YES_ERROR;
				CLANG_WARN_RANGE_LOOP_ANALYSIS = YES;
				CLANG_WARN_STRICT_PROTOTYPES = YES;
				CLANG_WARN_SUSPICIOUS_MOVE = YES;
				CLANG_WARN_UNGUARDED_AVAILABILITY = YES_AGGRESSIVE;
				CLANG_WARN_UNREACHABLE_CODE = YES;
				CLANG_WARN__DUPLICATE_METHOD_MATCH = YES;
				CODE_SIGN_IDENTITY = "Mac Developer";
				COPY_PHASE_STRIP = NO;
				DEBUG_INFORMATION_FORMAT = "dwarf-with-dsym";
				ENABLE_NS_ASSERTIONS = NO;
				ENABLE_STRICT_OBJC_MSGSEND = YES;
				GCC_C_LANGUAGE_STANDARD = gnu11;
				GCC_NO_COMMON_BLOCKS = YES;
				GCC_WARN_64_TO_32_BIT_CONVERSION = YES;
				GCC_WARN_ABOUT_RETURN_TYPE = YES_ERROR;
				GCC_WARN_UNDECLARED_SELECTOR = YES;
				GCC_WARN_UNINITIALIZED_AUTOS = YES_AGGRESSIVE;
				GCC_WARN_UNUSED_FUNCTION = YES;
				GCC_WARN_UNUSED_VARIABLE = YES;
				MACOSX_DEPLOYMENT_TARGET = 10.13;
				MTL_ENABLE_DEBUG_INFO = NO;
				SDKROOT = macosx;
				SWIFT_COMPILATION_MODE = wholemodule;
				SWIFT_OPTIMIZATION_LEVEL = "-O";
			};
			name = Release;
		};
		F3D4050720D6F19A00FCFF08 /* Debug */ = {
			isa = XCBuildConfiguration;
			baseConfigurationReference = C1EF319033E428DC1DBC9E9E /* Pods-gash.debug.xcconfig */;
			buildSettings = {
				ASSETCATALOG_COMPILER_APPICON_NAME = AppIcon;
				CLANG_ENABLE_MODULES = NO;
				CODE_SIGN_ENTITLEMENTS = gash/gash.entitlements;
				CODE_SIGN_STYLE = Automatic;
				COMBINE_HIDPI_IMAGES = YES;
				DEVELOPMENT_TEAM = U6V3P7868L;
				GCC_INPUT_FILETYPE = sourcecode.cpp.cpp;
				GCC_NO_COMMON_BLOCKS = YES;
				HEADER_SEARCH_PATHS = (
					/usr/local/include,
					/usr/local/opt/openssl/include,
				);
				INFOPLIST_FILE = gash/Info.plist;
				LD_RUNPATH_SEARCH_PATHS = (
					"$(inherited)",
					"@executable_path/../Frameworks",
				);
				LIBRARY_SEARCH_PATHS = (
					/usr/local/lib,
					"$(PROJECT_DIR)/gash/OTExtension/ENCRYPTO_utils/miracl_lib",
					/usr/local/opt/openssl/lib,
					"$(PROJECT_DIR)",
					"$(PROJECT_DIR)/gash",
					/usr/local/Cellar/openssl/1.0.2o_1/lib,
				);
				OTHER_CFLAGS = (
					"$(inherited)",
					"-iquote",
					"\"${PODS_CONFIGURATION_BUILD_DIR}/BigInt/BigInt.framework/Headers\"",
					"-iquote",
					"\"${PODS_CONFIGURATION_BUILD_DIR}/SipHash/SipHash.framework/Headers\"",
					"-maes",
					"-msse3",
				);
				OTHER_CPLUSPLUSFLAGS = (
					"$(OTHER_CFLAGS)",
					"-maes",
					"-msse3",
				);
				OTHER_LDFLAGS = (
					"$(inherited)",
					"-framework",
					"\"BigInt\"",
					"-framework",
					"\"SipHash\"",
					"-lgmp",
					"-L/usr/local/opt/openssl/lib",
					"-lssl",
					"-lcrypto",
					"-lgmpxx",
				);
				PRODUCT_BUNDLE_IDENTIFIER = com.conggroup.gash;
				PRODUCT_NAME = "$(TARGET_NAME)";
				SWIFT_OBJC_BRIDGING_HEADER = "gash/gash-Bridging-Header.h";
				SWIFT_OPTIMIZATION_LEVEL = "-Onone";
				SWIFT_PRECOMPILE_BRIDGING_HEADER = YES;
				SWIFT_VERSION = 4.0;
			};
			name = Debug;
		};
		F3D4050820D6F19A00FCFF08 /* Release */ = {
			isa = XCBuildConfiguration;
			baseConfigurationReference = A033B21F34ADF5B0F633E5B9 /* Pods-gash.release.xcconfig */;
			buildSettings = {
				ASSETCATALOG_COMPILER_APPICON_NAME = AppIcon;
				CLANG_ENABLE_MODULES = NO;
				CODE_SIGN_ENTITLEMENTS = gash/gash.entitlements;
				CODE_SIGN_STYLE = Automatic;
				COMBINE_HIDPI_IMAGES = YES;
				DEVELOPMENT_TEAM = U6V3P7868L;
				GCC_INPUT_FILETYPE = sourcecode.cpp.cpp;
				GCC_NO_COMMON_BLOCKS = YES;
				HEADER_SEARCH_PATHS = (
					/usr/local/include,
					/usr/local/opt/openssl/include,
				);
				INFOPLIST_FILE = gash/Info.plist;
				LD_RUNPATH_SEARCH_PATHS = (
					"$(inherited)",
					"@executable_path/../Frameworks",
				);
				LIBRARY_SEARCH_PATHS = (
					/usr/local/lib,
					"$(PROJECT_DIR)/gash/OTExtension/ENCRYPTO_utils/miracl_lib",
					/usr/local/opt/openssl/lib,
					"$(PROJECT_DIR)",
					"$(PROJECT_DIR)/gash",
					/usr/local/Cellar/openssl/1.0.2o_1/lib,
				);
				OTHER_CFLAGS = (
					"$(inherited)",
					"-iquote",
					"\"${PODS_CONFIGURATION_BUILD_DIR}/BigInt/BigInt.framework/Headers\"",
					"-iquote",
					"\"${PODS_CONFIGURATION_BUILD_DIR}/SipHash/SipHash.framework/Headers\"",
					"-maes",
					"-msse3",
				);
				OTHER_CPLUSPLUSFLAGS = (
					"$(OTHER_CFLAGS)",
					"-maes",
					"-msse3",
				);
				OTHER_LDFLAGS = (
					"$(inherited)",
					"-framework",
					"\"BigInt\"",
					"-framework",
					"\"SipHash\"",
					"-lgmp",
					"-L/usr/local/opt/openssl/lib",
					"-lssl",
					"-lcrypto",
					"-lgmpxx",
				);
				PRODUCT_BUNDLE_IDENTIFIER = com.conggroup.gash;
				PRODUCT_NAME = "$(TARGET_NAME)";
				SWIFT_OBJC_BRIDGING_HEADER = "gash/gash-Bridging-Header.h";
				SWIFT_PRECOMPILE_BRIDGING_HEADER = YES;
				SWIFT_VERSION = 4.0;
			};
			name = Release;
		};
		F3D4050A20D6F19A00FCFF08 /* Debug */ = {
			isa = XCBuildConfiguration;
			baseConfigurationReference = 978EAC949AF025D037938CEE /* Pods-gashTests.debug.xcconfig */;
			buildSettings = {
				ALWAYS_EMBED_SWIFT_STANDARD_LIBRARIES = YES;
				BUNDLE_LOADER = "$(TEST_HOST)";
				CODE_SIGN_STYLE = Automatic;
				COMBINE_HIDPI_IMAGES = YES;
				DEVELOPMENT_TEAM = U6V3P7868L;
				INFOPLIST_FILE = gashTests/Info.plist;
				LD_RUNPATH_SEARCH_PATHS = (
					"$(inherited)",
					"@executable_path/../Frameworks",
					"@loader_path/../Frameworks",
				);
				PRODUCT_BUNDLE_IDENTIFIER = com.conggroup.gashTests;
				PRODUCT_NAME = "$(TARGET_NAME)";
				SWIFT_VERSION = 4.0;
				TEST_HOST = "$(BUILT_PRODUCTS_DIR)/gash.app/Contents/MacOS/gash";
			};
			name = Debug;
		};
		F3D4050B20D6F19A00FCFF08 /* Release */ = {
			isa = XCBuildConfiguration;
			baseConfigurationReference = CF6EF4A9C36FBA0E17D173CA /* Pods-gashTests.release.xcconfig */;
			buildSettings = {
				ALWAYS_EMBED_SWIFT_STANDARD_LIBRARIES = YES;
				BUNDLE_LOADER = "$(TEST_HOST)";
				CODE_SIGN_STYLE = Automatic;
				COMBINE_HIDPI_IMAGES = YES;
				DEVELOPMENT_TEAM = U6V3P7868L;
				INFOPLIST_FILE = gashTests/Info.plist;
				LD_RUNPATH_SEARCH_PATHS = (
					"$(inherited)",
					"@executable_path/../Frameworks",
					"@loader_path/../Frameworks",
				);
				PRODUCT_BUNDLE_IDENTIFIER = com.conggroup.gashTests;
				PRODUCT_NAME = "$(TARGET_NAME)";
				SWIFT_VERSION = 4.0;
				TEST_HOST = "$(BUILT_PRODUCTS_DIR)/gash.app/Contents/MacOS/gash";
			};
			name = Release;
		};
		F3D4050D20D6F19A00FCFF08 /* Debug */ = {
			isa = XCBuildConfiguration;
			baseConfigurationReference = 92199474312CE9604B2FF986 /* Pods-gashUITests.debug.xcconfig */;
			buildSettings = {
				ALWAYS_EMBED_SWIFT_STANDARD_LIBRARIES = YES;
				CODE_SIGN_STYLE = Automatic;
				COMBINE_HIDPI_IMAGES = YES;
				DEVELOPMENT_TEAM = U6V3P7868L;
				INFOPLIST_FILE = gashUITests/Info.plist;
				LD_RUNPATH_SEARCH_PATHS = (
					"$(inherited)",
					"@executable_path/../Frameworks",
					"@loader_path/../Frameworks",
				);
				PRODUCT_BUNDLE_IDENTIFIER = com.conggroup.gashUITests;
				PRODUCT_NAME = "$(TARGET_NAME)";
				SWIFT_VERSION = 4.0;
				TEST_TARGET_NAME = gash;
			};
			name = Debug;
		};
		F3D4050E20D6F19A00FCFF08 /* Release */ = {
			isa = XCBuildConfiguration;
			baseConfigurationReference = EAAA7792318BEC698D1101EC /* Pods-gashUITests.release.xcconfig */;
			buildSettings = {
				ALWAYS_EMBED_SWIFT_STANDARD_LIBRARIES = YES;
				CODE_SIGN_STYLE = Automatic;
				COMBINE_HIDPI_IMAGES = YES;
				DEVELOPMENT_TEAM = U6V3P7868L;
				INFOPLIST_FILE = gashUITests/Info.plist;
				LD_RUNPATH_SEARCH_PATHS = (
					"$(inherited)",
					"@executable_path/../Frameworks",
					"@loader_path/../Frameworks",
				);
				PRODUCT_BUNDLE_IDENTIFIER = com.conggroup.gashUITests;
				PRODUCT_NAME = "$(TARGET_NAME)";
				SWIFT_VERSION = 4.0;
				TEST_TARGET_NAME = gash;
			};
			name = Release;
		};
/* End XCBuildConfiguration section */

/* Begin XCConfigurationList section */
		F3D404DB20D6F19800FCFF08 /* Build configuration list for PBXProject "gash" */ = {
			isa = XCConfigurationList;
			buildConfigurations = (
				F3D4050420D6F19A00FCFF08 /* Debug */,
				F3D4050520D6F19A00FCFF08 /* Release */,
			);
			defaultConfigurationIsVisible = 0;
			defaultConfigurationName = Release;
		};
		F3D4050620D6F19A00FCFF08 /* Build configuration list for PBXNativeTarget "gash" */ = {
			isa = XCConfigurationList;
			buildConfigurations = (
				F3D4050720D6F19A00FCFF08 /* Debug */,
				F3D4050820D6F19A00FCFF08 /* Release */,
			);
			defaultConfigurationIsVisible = 0;
			defaultConfigurationName = Release;
		};
		F3D4050920D6F19A00FCFF08 /* Build configuration list for PBXNativeTarget "gashTests" */ = {
			isa = XCConfigurationList;
			buildConfigurations = (
				F3D4050A20D6F19A00FCFF08 /* Debug */,
				F3D4050B20D6F19A00FCFF08 /* Release */,
			);
			defaultConfigurationIsVisible = 0;
			defaultConfigurationName = Release;
		};
		F3D4050C20D6F19A00FCFF08 /* Build configuration list for PBXNativeTarget "gashUITests" */ = {
			isa = XCConfigurationList;
			buildConfigurations = (
				F3D4050D20D6F19A00FCFF08 /* Debug */,
				F3D4050E20D6F19A00FCFF08 /* Release */,
			);
			defaultConfigurationIsVisible = 0;
			defaultConfigurationName = Release;
		};
/* End XCConfigurationList section */
	};
	rootObject = F3D404D820D6F19800FCFF08 /* Project object */;
}
